#MicroXplorer Configuration settings - do not modify
#Sat Mar 21 22:10:30 ICT 2015
File.Version=5
KeepUserPlacement=false
Mcu.Family=STM32F0
Mcu.IP0=I2C1
Mcu.IP1=NVIC
Mcu.IP2=RCC
Mcu.IP3=SYS
Mcu.IP4=TIM3
Mcu.IP5=TIM17
Mcu.IP6=USART1
Mcu.IPNb=7
Mcu.Name=STM32F030F4Px
Mcu.Package=TSSOP20
Mcu.Pin0=PF0-OSC_IN
Mcu.Pin1=PF1-OSC_OUT
Mcu.Pin10=PA9
Mcu.Pin11=PA10
Mcu.Pin12=PA13
Mcu.Pin13=PA14
Mcu.Pin14=VP_TIM17_VS_ClockSourceINT
Mcu.Pin2=PA0
Mcu.Pin3=PA1
Mcu.Pin4=PA2
Mcu.Pin5=PA3
Mcu.Pin6=PA4
Mcu.Pin7=PA5
Mcu.Pin8=PA6
Mcu.Pin9=PA7
Mcu.PinsNb=15
Mcu.UserName=STM32F030F4Px
MxCube.Version=4.6.0
MxDb.Version=DB.4.0.60
NVIC.SysTick_IRQn=true\:0\:0\:false
NVIC.TIM17_IRQn=true\:1\:0\:true
PA0.Locked=true
PA0.Signal=GPIO_Output
PA1.GPIOParameters=GPIO_PuPd,GPIO_Mode
PA1.GPIO_Mode=GPIO_MODE_INPUT
PA1.GPIO_PuPd=GPIO_PULLDOWN
PA1.Locked=true
PA1.Signal=GPIO_Input
PA10.Locked=true
PA10.Mode=I2C
PA10.Signal=I2C1_SDA
PA13.Locked=true
PA13.Mode=Serial-WireDebug
PA13.Signal=SYS_SWDIO
PA14.Locked=true
PA14.Mode=Serial-WireDebug
PA14.Signal=SYS_SWCLK
PA2.Mode=Asynchronous
PA2.Signal=USART1_TX
PA3.Mode=Asynchronous
PA3.Signal=USART1_RX
PA4.Locked=true
PA4.Signal=GPIO_Output
PA5.GPIOParameters=GPIO_Label,GPIO_ModeDefaultOutputPP,GPIO_Speed,GPIO_PuPd
PA5.GPIO_Label=Direction
PA5.GPIO_ModeDefaultOutputPP=GPIO_MODE_OUTPUT_PP
PA5.GPIO_PuPd=GPIO_NOPULL
PA5.GPIO_Speed=GPIO_SPEED_LOW
PA5.Locked=true
PA5.Signal=GPIO_Output
PA6.GPIOParameters=GPIO_Label,GPIO_Speed,GPIO_ModeDefaultPP,GPIO_PuPd
PA6.GPIO_Label=Icurrent
PA6.GPIO_ModeDefaultPP=GPIO_MODE_AF_PP
PA6.GPIO_PuPd=GPIO_NOPULL
PA6.GPIO_Speed=GPIO_SPEED_LOW
PA6.Locked=true
PA6.Signal=S_TIM3_CH1
PA7.GPIOParameters=GPIO_ModeDefaultOutputPP,GPIO_Label,GPIO_Speed,GPIO_PuPd
PA7.GPIO_Label=enable_out
PA7.GPIO_ModeDefaultOutputPP=GPIO_MODE_OUTPUT_PP
PA7.GPIO_PuPd=GPIO_NOPULL
PA7.GPIO_Speed=GPIO_SPEED_LOW
PA7.Locked=true
PA7.Signal=GPIO_Output
PA9.Locked=true
PA9.Mode=I2C
PA9.Signal=I2C1_SCL
PCC.Family=STM32F0
PCC.MCU=STM32F030F4Px
PCC.MXVersion=4.6.0
PCC.PartNumber=STM32F030F4Px
PCC.Seq0=0
PCC.SubFamily=STM32F0x0 Value Line
PCC.Temperature=25
PCC.Vdd=3.6
PF0-OSC_IN.Locked=true
PF0-OSC_IN.Signal=GPIO_Output
PF1-OSC_OUT.Locked=true
PF1-OSC_OUT.Signal=GPIO_Output
ProjectManager.AskForMigrate=true
ProjectManager.BackupPrevious=false
ProjectManager.CompilerOptimize=2
ProjectManager.ComputerToolchain=false
ProjectManager.CoupleFile=false
ProjectManager.DeletePrevious=true
ProjectManager.DeviceId=STM32F030F4Px
ProjectManager.FirmwarePackage=STM32Cube FW_F0 V1.2.1
ProjectManager.FreePins=false
ProjectManager.HalAssertFull=false
ProjectManager.KeepUserCode=true
ProjectManager.LastFirmware=true
ProjectManager.LibraryCopy=1
ProjectManager.ProjectBuild=false
ProjectManager.ProjectFileName=onewheel_control.ioc
ProjectManager.ProjectName=onewheel_control
ProjectManager.TargetToolchain=MDK-ARM 4.73
ProjectManager.ToolChainLocation=
RCC.AHBFreq_Value=48000000
RCC.APB1Freq_Value=48000000
RCC.APB1TimFreq_Value=48000000
RCC.FCLKCortexFreq_Value=48000000
RCC.FamilyName=M
RCC.HCLKFreq_Value=48000000
RCC.IPParameters=HCLKFreq_Value,SYSCLKFreq_VALUE,FamilyName,PLLCLKFreq_Value,SYSCLKSource,FCLKCortexFreq_Value,PLLMUL,APB1TimFreq_Value,USART1Freq_Value,APB1Freq_Value,AHBFreq_Value,TimSysFreq_Value
RCC.PLLCLKFreq_Value=48000000
RCC.PLLMUL=RCC_PLL_MUL12
RCC.SYSCLKFreq_VALUE=48000000
RCC.SYSCLKSource=RCC_SYSCLKSOURCE_PLLCLK
RCC.TimSysFreq_Value=6000000
RCC.USART1Freq_Value=48000000
SH.S_TIM3_CH1.0=TIM3_CH1,PWM Generation1 CH1
SH.S_TIM3_CH1.ConfNb=1
TIM17.IPParameters=Period,Prescaler
TIM17.Period=3999
TIM17.Prescaler=47
TIM3.IPParameters=Period
TIM3.Period=2399
USART1.BaudRate=115200
USART1.IPParameters=BaudRate
VP_TIM17_VS_ClockSourceINT.Mode=Enable_Timer
VP_TIM17_VS_ClockSourceINT.Signal=TIM17_VS_ClockSourceINT
